
Microsoft Visual Studio Solution File, Format Version 12.00
# Visual Studio 15
VisualStudioVersion = 15.0.28307.102
MinimumVisualStudioVersion = 10.0.40219.1
Project("{FAE04EC0-301F-11D3-BF4B-00C04F79EFBC}") = "nlove_inclass01", "nlove_inclass01\nlove_inclass01.csproj", "{00DC77CF-3846-4077-9D9E-7A4A3E9CD823}"
EndProject
Global
	GlobalSection(SolutionConfigurationPlatforms) = preSolution
		Debug|Any CPU = Debug|Any CPU
		Release|Any CPU = Release|Any CPU
	EndGlobalSection
	GlobalSection(ProjectConfigurationPlatforms) = postSolution
		{00DC77CF-3846-4077-9D9E-7A4A3E9CD823}.Debug|Any CPU.ActiveCfg = Debug|Any CPU
		{00DC77CF-3846-4077-9D9E-7A4A3E9CD823}.Debug|Any CPU.Build.0 = Debug|Any CPU
		{00DC77CF-3846-4077-9D9E-7A4A3E9CD823}.Release|Any CPU.ActiveCfg = Release|Any CPU
		{00DC77CF-3846-4077-9D9E-7A4A3E9CD823}.Release|Any CPU.Build.0 = Release|Any CPU
	EndGlobalSection
	GlobalSection(SolutionProperties) = preSolution
		HideSolutionNode = FALSE
	EndGlobalSection
	GlobalSection(ExtensibilityGlobals) = postSolution
		SolutionGuid = {3E4EF9C1-E105-4AA2-AD93-E76788E07A60}
	EndGlobalSection
EndGlobal
